lockfileVersion: '9.0'

settings:
  autoInstallPeers: true
  excludeLinksFromLockfile: false

importers:

  .:
    dependencies:
      ai:
        specifier: ^7.0.58
        version: 7.0.58(zod@4.4.3)
      zod:
        specifier: ^4.4.3
        version: 4.4.3

packages:

  '@ai-sdk/gateway@4.0.46':
    resolution: {integrity: sha512-LIAO6kAG8fpXQb9L0iwPk1FIbXftvqnyC56v5NEAzeWTeL8fUsy/Hx86VPBTWEDFdwbVprjWifJOAqS6AOj3mA==}
    engines: {node: '>=22'}
    peerDependencies:
      zod: ^3.25.76 || ^4.1.8

  '@ai-sdk/provider-utils@5.0.25':
    resolution: {integrity: sha512-xscPPHCSjCHWrdhai25sbHCJeKNLW/3D1uSpUZa4cEtTKXA8OnPQ3+Rfu1SmM5Ea/Mf8Dfn3cllw9zeMzo/zFA==}
    engines: {node: '>=22'}
    peerDependencies:
      zod: ^3.25.76 || ^4.1.8

  '@ai-sdk/provider@4.0.7':
    resolution: {integrity: sha512-6or44XprPzKbr8zkmzosowSE0pxkvJcoojBL+mCZvPUt3kvXp3XSNqeVun9golb1acEfSo6yaEBRT18h2VU+1Q==}
    engines: {node: '>=22'}

  '@standard-schema/spec@1.1.0':
    resolution: {integrity: sha512-l2aFy5jALhniG5HgqrD6jXLi/rUWrKvqN/qJx6yoJsgKhblVd+iqqU4RCXavm/jPityDo5TCvKMnpjKnOriy0w==}

  '@vercel/oidc@3.2.0':
    resolution: {integrity: sha512-UycprH3T6n3jH0k44NHMa7pnFHGu/N05MjojYr+Mc6I7obkoLIJujSWwin1pCvdy/eOxrI/l3uDLQsmcrOb4ug==}
    engines: {node: '>= 20'}

  '@workflow/serde@4.1.0':
    resolution: {integrity: sha512-pav4F2BoirECWR7Nf1TKt+2eETcBj7jj4cBefQ8VXQCA6NPkaKeLfj/zMgi+3zYV5ZIBT4GuUiphsj0/b9hPQQ==}

  ai@7.0.58:
    resolution: {integrity: sha512-GfgO90CQQ0yYuoxJAUOeQ6tviyYw1BUIDygSZ1q3Ce6kSc93tYmB5eltKY/NxC0YOouAax7JvDqVnYxvIAr04Q==}
    engines: {node: '>=22'}
    peerDependencies:
      zod: ^3.25.76 || ^4.1.8

  eventsource-parser@3.1.0:
    resolution: {integrity: sha512-kJezFj9YFAMLeORyi7aCLxLbD5/qWMQnoMVlVPyHIll7lgRJCc3JVln9Vgl9nwQi0YkMnhdGTMNn7CkRRAptMg==}
    engines: {node: '>=18.0.0'}

  json-schema@0.4.0:
    resolution: {integrity: sha512-es94M3nTIfsEPisRafak+HDLfHXnKBhV3vU5eqPcS3flIWqcxJWgXHXiey3YrpaNsanY5ei1VoYEbOzijuq9BA==}

  undici@7.29.0:
    resolution: {integrity: sha512-IDxfleLmmbSskfWSUATiN1nfn2rDuvnMOqb5CWR92iIfojA0Ud+ulOAAEQ57LPr9rWmsreUyf5lwyao+7GNNVw==}
    engines: {node: '>=20.18.1'}

  zod@4.4.3:
    resolution: {integrity: sha512-ytENFjIJFl2UwYglde2jchW2Hwm4GJFLDiSXWdTrJQBIN9Fcyp7n4DhxJEiWNAJMV1/BqWfW/kkg71UDcHJyTQ==}

snapshots:

  '@ai-sdk/gateway@4.0.46(zod@4.4.3)':
    dependencies:
      '@ai-sdk/provider': 4.0.7
      '@ai-sdk/provider-utils': 5.0.25(zod@4.4.3)
      '@vercel/oidc': 3.2.0
      zod: 4.4.3

  '@ai-sdk/provider-utils@5.0.25(zod@4.4.3)':
    dependencies:
      '@ai-sdk/provider': 4.0.7
      '@standard-schema/spec': 1.1.0
      '@workflow/serde': 4.1.0
      eventsource-parser: 3.1.0
      undici: 7.29.0
      zod: 4.4.3

  '@ai-sdk/provider@4.0.7':
    dependencies:
      json-schema: 0.4.0

  '@standard-schema/spec@1.1.0': {}

  '@vercel/oidc@3.2.0': {}

  '@workflow/serde@4.1.0': {}

  ai@7.0.58(zod@4.4.3):
    dependencies:
      '@ai-sdk/gateway': 4.0.46(zod@4.4.3)
      '@ai-sdk/provider': 4.0.7
      '@ai-sdk/provider-utils': 5.0.25(zod@4.4.3)
      zod: 4.4.3

  eventsource-parser@3.1.0: {}

  json-schema@0.4.0: {}

  undici@7.29.0: {}

  zod@4.4.3: {}
